
Microsoft Visual Studio Solution File, Format Version 12.00
# Visual Studio Version 17
VisualStudioVersion = 17.7.34031.279
MinimumVisualStudioVersion = 10.0.40219.1
Project("{FAE04EC0-301F-11D3-BF4B-00C04F79EFBC}") = "LAb7", "LAb7\LAb7.csproj", "{B71B2DD6-469F-4422-B091-D164F1E080F8}"
EndProject
Global
	GlobalSection(SolutionConfigurationPlatforms) = preSolution
		Debug|Any CPU = Debug|Any CPU
		Release|Any CPU = Release|Any CPU
	EndGlobalSection
	GlobalSection(ProjectConfigurationPlatforms) = postSolution
		{B71B2DD6-469F-4422-B091-D164F1E080F8}.Debug|Any CPU.ActiveCfg = Debug|Any CPU
		{B71B2DD6-469F-4422-B091-D164F1E080F8}.Debug|Any CPU.Build.0 = Debug|Any CPU
		{B71B2DD6-469F-4422-B091-D164F1E080F8}.Release|Any CPU.ActiveCfg = Release|Any CPU
		{B71B2DD6-469F-4422-B091-D164F1E080F8}.Release|Any CPU.Build.0 = Release|Any CPU
	EndGlobalSection
	GlobalSection(SolutionProperties) = preSolution
		HideSolutionNode = FALSE
	EndGlobalSection
	GlobalSection(ExtensibilityGlobals) = postSolution
		SolutionGuid = {8B9489D1-1C5E-4AE0-94C9-6BFBF5EBF477}
	EndGlobalSection
EndGlobal
